// !$*UTF8*$!
{
	archiveVersion = 1;
	classes = {
	};
	objectVersion = 46;
	objects = {

/* Begin PBXBuildFile section */
		49B514F61C9836BD00185500 /* image1副本.png in Resources */ = {isa = PBXBuildFile; fileRef = 49B514F51C9836BD00185500 /* image1副本.png */; };
		49B514F81C983B5F00185500 /* 1453104602347OGZAEDEG6.gif in Resources */ = {isa = PBXBuildFile; fileRef = 49B514F71C983B5F00185500 /* 1453104602347OGZAEDEG6.gif */; };
		49E0C6401C918F72004836C9 /* main.m in Sources */ = {isa = PBXBuildFile; fileRef = 49E0C63F1C918F72004836C9 /* main.m */; };
		49E0C6431C918F72004836C9 /* AppDelegate.m in Sources */ = {isa = PBXBuildFile; fileRef = 49E0C6421C918F72004836C9 /* AppDelegate.m */; };
		49E0C6451C918F72004836C9 /* Assets.xcassets in Resources */ = {isa = PBXBuildFile; fileRef = 49E0C6441C918F72004836C9 /* Assets.xcassets */; };
		49E0C6481C918F72004836C9 /* LaunchScreen.storyboard in Resources */ = {isa = PBXBuildFile; fileRef = 49E0C6461C918F72004836C9 /* LaunchScreen.storyboard */; };
		49E0C6531C918F72004836C9 /* IQTests.m in Sources */ = {isa = PBXBuildFile; fileRef = 49E0C6521C918F72004836C9 /* IQTests.m */; };
		49E0C65E1C918F72004836C9 /* IQUITests.m in Sources */ = {isa = PBXBuildFile; fileRef = 49E0C65D1C918F72004836C9 /* IQUITests.m */; };
		49E0C66D1C91900C004836C9 /* RootViewController.m in Sources */ = {isa = PBXBuildFile; fileRef = 49E0C66C1C91900C004836C9 /* RootViewController.m */; };
		49E0C6701C919544004836C9 /* image1.png in Resources */ = {isa = PBXBuildFile; fileRef = 49E0C66F1C919544004836C9 /* image1.png */; };
/* End PBXBuildFile section */

/* Begin PBXContainerItemProxy section */
		49E0C64F1C918F72004836C9 /* PBXContainerItemProxy */ = {
			isa = PBXContainerItemProxy;
			containerPortal = 49E0C6331C918F72004836C9 /* Project object */;
			proxyType = 1;
			remoteGlobalIDString = 49E0C63A1C918F72004836C9;
			remoteInfo = IQ;
		};
		49E0C65A1C918F72004836C9 /* PBXContainerItemProxy */ = {
			isa = PBXContainerItemProxy;
			containerPortal = 49E0C6331C918F72004836C9 /* Project object */;
			proxyType = 1;
			remoteGlobalIDString = 49E0C63A1C918F72004836C9;
			remoteInfo = IQ;
		};
/* End PBXContainerItemProxy section */

/* Begin PBXFileReference section */
		49B514F51C9836BD00185500 /* image1副本.png */ = {isa = PBXFileReference; lastKnownFileType = image.png; path = "image1副本.png"; sourceTree = "<group>"; };
		49B514F71C983B5F00185500 /* 1453104602347OGZAEDEG6.gif */ = {isa = PBXFileReference; lastKnownFileType = image.gif; path = 1453104602347OGZAEDEG6.gif; sourceTree = "<group>"; };
		49E0C63B1C918F72004836C9 /* IQ.app */ = {isa = PBXFileReference; explicitFileType = wrapper.application; includeInIndex = 0; path = IQ.app; sourceTree = BUILT_PRODUCTS_DIR; };
		49E0C63F1C918F72004836C9 /* main.m */ = {isa = PBXFileReference; lastKnownFileType = sourcecode.c.objc; path = main.m; sourceTree = "<group>"; };
		49E0C6411C918F72004836C9 /* AppDelegate.h */ = {isa = PBXFileReference; lastKnownFileType = sourcecode.c.h; path = AppDelegate.h; sourceTree = "<group>"; };
		49E0C6421C918F72004836C9 /* AppDelegate.m */ = {isa = PBXFileReference; lastKnownFileType = sourcecode.c.objc; path = AppDelegate.m; sourceTree = "<group>"; };
		49E0C6441C918F72004836C9 /* Assets.xcassets */ = {isa = PBXFileReference; lastKnownFileType = folder.assetcatalog; path = Assets.xcassets; sourceTree = "<group>"; };
		49E0C6471C918F72004836C9 /* Base */ = {isa = PBXFileReference; lastKnownFileType = file.storyboard; name = Base; path = Base.lproj/LaunchScreen.storyboard; sourceTree = "<group>"; };
		49E0C6491C918F72004836C9 /* Info.plist */ = {isa = PBXFileReference; lastKnownFileType = text.plist.xml; path = Info.plist; sourceTree = "<group>"; };
		49E0C64E1C918F72004836C9 /* IQTests.xctest */ = {isa = PBXFileReference; explicitFileType = wrapper.cfbundle; includeInIndex = 0; path = IQTests.xctest; sourceTree = BUILT_PRODUCTS_DIR; };
		49E0C6521C918F72004836C9 /* IQTests.m */ = {isa = PBXFileReference; lastKnownFileType = sourcecode.c.objc; path = IQTests.m; sourceTree = "<group>"; };
		49E0C6541C918F72004836C9 /* Info.plist */ = {isa = PBXFileReference; lastKnownFileType = text.plist.xml; path = Info.plist; sourceTree = "<group>"; };
		49E0C6591C918F72004836C9 /* IQUITests.xctest */ = {isa = PBXFileReference; explicitFileType = wrapper.cfbundle; includeInIndex = 0; path = IQUITests.xctest; sourceTree = BUILT_PRODUCTS_DIR; };
		49E0C65D1C918F72004836C9 /* IQUITests.m */ = {isa = PBXFileReference; lastKnownFileType = sourcecode.c.objc; path = IQUITests.m; sourceTree = "<group>"; };
		49E0C65F1C918F72004836C9 /* Info.plist */ = {isa = PBXFileReference; lastKnownFileType = text.plist.xml; path = Info.plist; sourceTree = "<group>"; };
		49E0C66B1C91900C004836C9 /* RootViewController.h */ = {isa = PBXFileReference; fileEncoding = 4; lastKnownFileType = sourcecode.c.h; path = RootViewController.h; sourceTree = "<group>"; };
		49E0C66C1C91900C004836C9 /* RootViewController.m */ = {isa = PBXFileReference; fileEncoding = 4; lastKnownFileType = sourcecode.c.objc; path = RootViewController.m; sourceTree = "<group>"; };
		49E0C66F1C919544004836C9 /* image1.png */ = {isa = PBXFileReference; lastKnownFileType = image.png; path = image1.png; sourceTree = "<group>"; };
/* End PBXFileReference section */

/* Begin PBXFrameworksBuildPhase section */
		49E0C6381C918F72004836C9 /* Frameworks */ = {
			isa = PBXFrameworksBuildPhase;
			buildActionMask = 2147483647;
			files = (
			);
			runOnlyForDeploymentPostprocessing = 0;
		};
		49E0C64B1C918F72004836C9 /* Frameworks */ = {
			isa = PBXFrameworksBuildPhase;
			buildActionMask = 2147483647;
			files = (
			);
			runOnlyForDeploymentPostprocessing = 0;
		};
		49E0C6561C918F72004836C9 /* Frameworks */ = {
			isa = PBXFrameworksBuildPhase;
			buildActionMask = 2147483647;
			files = (
			);
			runOnlyForDeploymentPostprocessing = 0;
		};
/* End PBXFrameworksBuildPhase section */

/* Begin PBXGroup section */
		49E0C6321C918F72004836C9 = {
			isa = PBXGroup;
			children = (
				49E0C63D1C918F72004836C9 /* IQ */,
				49E0C6511C918F72004836C9 /* IQTests */,
				49E0C65C1C918F72004836C9 /* IQUITests */,
				49E0C63C1C918F72004836C9 /* Products */,
			);
			sourceTree = "<group>";
		};
		49E0C63C1C918F72004836C9 /* Products */ = {
			isa = PBXGroup;
			children = (
				49E0C63B1C918F72004836C9 /* IQ.app */,
				49E0C64E1C918F72004836C9 /* IQTests.xctest */,
				49E0C6591C918F72004836C9 /* IQUITests.xctest */,
			);
			name = Products;
			sourceTree = "<group>";
		};
		49E0C63D1C918F72004836C9 /* IQ */ = {
			isa = PBXGroup;
			children = (
				49E0C66E1C919544004836C9 /* image */,
				49E0C6411C918F72004836C9 /* AppDelegate.h */,
				49E0C6421C918F72004836C9 /* AppDelegate.m */,
				49E0C66B1C91900C004836C9 /* RootViewController.h */,
				49E0C66C1C91900C004836C9 /* RootViewController.m */,
				49E0C6441C918F72004836C9 /* Assets.xcassets */,
				49E0C6461C918F72004836C9 /* LaunchScreen.storyboard */,
				49E0C6491C918F72004836C9 /* Info.plist */,
				49E0C63E1C918F72004836C9 /* Supporting Files */,
			);
			path = IQ;
			sourceTree = "<group>";
		};
		49E0C63E1C918F72004836C9 /* Supporting Files */ = {
			isa = PBXGroup;
			children = (
				49E0C63F1C918F72004836C9 /* main.m */,
			);
			name = "Supporting Files";
			sourceTree = "<group>";
		};
		49E0C6511C918F72004836C9 /* IQTests */ = {
			isa = PBXGroup;
			children = (
				49E0C6521C918F72004836C9 /* IQTests.m */,
				49E0C6541C918F72004836C9 /* Info.plist */,
			);
			path = IQTests;
			sourceTree = "<group>";
		};
		49E0C65C1C918F72004836C9 /* IQUITests */ = {
			isa = PBXGroup;
			children = (
				49E0C65D1C918F72004836C9 /* IQUITests.m */,
				49E0C65F1C918F72004836C9 /* Info.plist */,
			);
			path = IQUITests;
			sourceTree = "<group>";
		};
		49E0C66E1C919544004836C9 /* image */ = {
			isa = PBXGroup;
			children = (
				49B514F71C983B5F00185500 /* 1453104602347OGZAEDEG6.gif */,
				49B514F51C9836BD00185500 /* image1副本.png */,
				49E0C66F1C919544004836C9 /* image1.png */,
			);
			path = image;
			sourceTree = "<group>";
		};
/* End PBXGroup section */

/* Begin PBXNativeTarget section */
		49E0C63A1C918F72004836C9 /* IQ */ = {
			isa = PBXNativeTarget;
			buildConfigurationList = 49E0C6621C918F72004836C9 /* Build configuration list for PBXNativeTarget "IQ" */;
			buildPhases = (
				49E0C6371C918F72004836C9 /* Sources */,
				49E0C6381C918F72004836C9 /* Frameworks */,
				49E0C6391C918F72004836C9 /* Resources */,
			);
			buildRules = (
			);
			dependencies = (
			);
			name = IQ;
			productName = IQ;
			productReference = 49E0C63B1C918F72004836C9 /* IQ.app */;
			productType = "com.apple.product-type.application";
		};
		49E0C64D1C918F72004836C9 /* IQTests */ = {
			isa = PBXNativeTarget;
			buildConfigurationList = 49E0C6651C918F72004836C9 /* Build configuration list for PBXNativeTarget "IQTests" */;
			buildPhases = (
				49E0C64A1C918F72004836C9 /* Sources */,
				49E0C64B1C918F72004836C9 /* Frameworks */,
				49E0C64C1C918F72004836C9 /* Resources */,
			);
			buildRules = (
			);
			dependencies = (
				49E0C6501C918F72004836C9 /* PBXTargetDependency */,
			);
			name = IQTests;
			productName = IQTests;
			productReference = 49E0C64E1C918F72004836C9 /* IQTests.xctest */;
			productType = "com.apple.product-type.bundle.unit-test";
		};
		49E0C6581C918F72004836C9 /* IQUITests */ = {
			isa = PBXNativeTarget;
			buildConfigurationList = 49E0C6681C918F72004836C9 /* Build configuration list for PBXNativeTarget "IQUITests" */;
			buildPhases = (
				49E0C6551C918F72004836C9 /* Sources */,
				49E0C6561C918F72004836C9 /* Frameworks */,
				49E0C6571C918F72004836C9 /* Resources */,
			);
			buildRules = (
			);
			dependencies = (
				49E0C65B1C918F72004836C9 /* PBXTargetDependency */,
			);
			name = IQUITests;
			productName = IQUITests;
			productReference = 49E0C6591C918F72004836C9 /* IQUITests.xctest */;
			productType = "com.apple.product-type.bundle.ui-testing";
		};
/* End PBXNativeTarget section */

/* Begin PBXProject section */
		49E0C6331C918F72004836C9 /* Project object */ = {
			isa = PBXProject;
			attributes = {
				LastUpgradeCheck = 0710;
				ORGANIZATIONNAME = lanou;
				TargetAttributes = {
					49E0C63A1C918F72004836C9 = {
						CreatedOnToolsVersion = 7.1;
					};
					49E0C64D1C918F72004836C9 = {
						CreatedOnToolsVersion = 7.1;
						TestTargetID = 49E0C63A1C918F72004836C9;
					};
					49E0C6581C918F72004836C9 = {
						CreatedOnToolsVersion = 7.1;
						TestTargetID = 49E0C63A1C918F72004836C9;
					};
				};
			};
			buildConfigurationList = 49E0C6361C918F72004836C9 /* Build configuration list for PBXProject "IQ" */;
			compatibilityVersion = "Xcode 3.2";
			developmentRegion = English;
			hasScannedForEncodings = 0;
			knownRegions = (
				en,
				Base,
			);
			mainGroup = 49E0C6321C918F72004836C9;
			productRefGroup = 49E0C63C1C918F72004836C9 /* Products */;
			projectDirPath = "";
			projectRoot = "";
			targets = (
				49E0C63A1C918F72004836C9 /* IQ */,
				49E0C64D1C918F72004836C9 /* IQTests */,
				49E0C6581C918F72004836C9 /* IQUITests */,
			);
		};
/* End PBXProject section */

/* Begin PBXResourcesBuildPhase section */
		49E0C6391C918F72004836C9 /* Resources */ = {
			isa = PBXResourcesBuildPhase;
			buildActionMask = 2147483647;
			files = (
				49E0C6451C918F72004836C9 /* Assets.xcassets in Resources */,
				49E0C6701C919544004836C9 /* image1.png in Resources */,
				49B514F81C983B5F00185500 /* 1453104602347OGZAEDEG6.gif in Resources */,
				49B514F61C9836BD00185500 /* image1副本.png in Resources */,
				49E0C6481C918F72004836C9 /* LaunchScreen.storyboard in Resources */,
			);
			runOnlyForDeploymentPostprocessing = 0;
		};
		49E0C64C1C918F72004836C9 /* Resources */ = {
			isa = PBXResourcesBuildPhase;
			buildActionMask = 2147483647;
			files = (
			);
			runOnlyForDeploymentPostprocessing = 0;
		};
		49E0C6571C918F72004836C9 /* Resources */ = {
			isa = PBXResourcesBuildPhase;
			buildActionMask = 2147483647;
			files = (
			);
			runOnlyForDeploymentPostprocessing = 0;
		};
/* End PBXResourcesBuildPhase section */

/* Begin PBXSourcesBuildPhase section */
		49E0C6371C918F72004836C9 /* Sources */ = {
			isa = PBXSourcesBuildPhase;
			buildActionMask = 2147483647;
			files = (
				49E0C6431C918F72004836C9 /* AppDelegate.m in Sources */,
				49E0C6401C918F72004836C9 /* main.m in Sources */,
				49E0C66D1C91900C004836C9 /* RootViewController.m in Sources */,
			);
			runOnlyForDeploymentPostprocessing = 0;
		};
		49E0C64A1C918F72004836C9 /* Sources */ = {
			isa = PBXSourcesBuildPhase;
			buildActionMask = 2147483647;
			files = (
				49E0C6531C918F72004836C9 /* IQTests.m in Sources */,
			);
			runOnlyForDeploymentPostprocessing = 0;
		};
		49E0C6551C918F72004836C9 /* Sources */ = {
			isa = PBXSourcesBuildPhase;
			buildActionMask = 2147483647;
			files = (
				49E0C65E1C918F72004836C9 /* IQUITests.m in Sources */,
			);
			runOnlyForDeploymentPostprocessing = 0;
		};
/* End PBXSourcesBuildPhase section */

/* Begin PBXTargetDependency section */
		49E0C6501C918F72004836C9 /* PBXTargetDependency */ = {
			isa = PBXTargetDependency;
			target = 49E0C63A1C918F72004836C9 /* IQ */;
			targetProxy = 49E0C64F1C918F72004836C9 /* PBXContainerItemProxy */;
		};
		49E0C65B1C918F72004836C9 /* PBXTargetDependency */ = {
			isa = PBXTargetDependency;
			target = 49E0C63A1C918F72004836C9 /* IQ */;
			targetProxy = 49E0C65A1C918F72004836C9 /* PBXContainerItemProxy */;
		};
/* End PBXTargetDependency section */

/* Begin PBXVariantGroup section */
		49E0C6461C918F72004836C9 /* LaunchScreen.storyboard */ = {
			isa = PBXVariantGroup;
			children = (
				49E0C6471C918F72004836C9 /* Base */,
			);
			name = LaunchScreen.storyboard;
			sourceTree = "<group>";
		};
/* End PBXVariantGroup section */

/* Begin XCBuildConfiguration section */
		49E0C6601C918F72004836C9 /* Debug */ = {
			isa = XCBuildConfiguration;
			buildSettings = {
				ALWAYS_SEARCH_USER_PATHS = NO;
				CLANG_CXX_LANGUAGE_STANDARD = "gnu++0x";
				CLANG_CXX_LIBRARY = "libc++";
				CLANG_ENABLE_MODULES = YES;
				CLANG_ENABLE_OBJC_ARC = YES;
				CLANG_WARN_BOOL_CONVERSION = YES;
				CLANG_WARN_CONSTANT_CONVERSION = YES;
				CLANG_WARN_DIRECT_OBJC_ISA_USAGE = YES_ERROR;
				CLANG_WARN_EMPTY_BODY = YES;
				CLANG_WARN_ENUM_CONVERSION = YES;
				CLANG_WARN_INT_CONVERSION = YES;
				CLANG_WARN_OBJC_ROOT_CLASS = YES_ERROR;
				CLANG_WARN_UNREACHABLE_CODE = YES;
				CLANG_WARN__DUPLICATE_METHOD_MATCH = YES;
				"CODE_SIGN_IDENTITY[sdk=iphoneos*]" = "iPhone Developer";
				COPY_PHASE_STRIP = NO;
				DEBUG_INFORMATION_FORMAT = dwarf;
				ENABLE_STRICT_OBJC_MSGSEND = YES;
				ENABLE_TESTABILITY = YES;
				GCC_C_LANGUAGE_STANDARD = gnu99;
				GCC_DYNAMIC_NO_PIC = NO;
				GCC_NO_COMMON_BLOCKS = YES;
				GCC_OPTIMIZATION_LEVEL = 0;
				GCC_PREPROCESSOR_DEFINITIONS = (
					"DEBUG=1",
					"$(inherited)",
				);
				GCC_WARN_64_TO_32_BIT_CONVERSION = YES;
				GCC_WARN_ABOUT_RETURN_TYPE = YES_ERROR;
				GCC_WARN_UNDECLARED_SELECTOR = YES;
				GCC_WARN_UNINITIALIZED_AUTOS = YES_AGGRESSIVE;
				GCC_WARN_UNUSED_FUNCTION = YES;
				GCC_WARN_UNUSED_VARIABLE = YES;
				IPHONEOS_DEPLOYMENT_TARGET = 9.1;
				MTL_ENABLE_DEBUG_INFO = YES;
				ONLY_ACTIVE_ARCH = YES;
				SDKROOT = iphoneos;
			};
			name = Debug;
		};
		49E0C6611C918F72004836C9 /* Release */ = {
			isa = XCBuildConfiguration;
			buildSettings = {
				ALWAYS_SEARCH_USER_PATHS = NO;
				CLANG_CXX_LANGUAGE_STANDARD = "gnu++0x";
				CLANG_CXX_LIBRARY = "libc++";
				CLANG_ENABLE_MODULES = YES;
				CLANG_ENABLE_OBJC_ARC = YES;
				CLANG_WARN_BOOL_CONVERSION = YES;
				CLANG_WARN_CONSTANT_CONVERSION = YES;
				CLANG_WARN_DIRECT_OBJC_ISA_USAGE = YES_ERROR;
				CLANG_WARN_EMPTY_BODY = YES;
				CLANG_WARN_ENUM_CONVERSION = YES;
				CLANG_WARN_INT_CONVERSION = YES;
				CLANG_WARN_OBJC_ROOT_CLASS = YES_ERROR;
				CLANG_WARN_UNREACHABLE_CODE = YES;
				CLANG_WARN__DUPLICATE_METHOD_MATCH = YES;
				"CODE_SIGN_IDENTITY[sdk=iphoneos*]" = "iPhone Developer";
				COPY_PHASE_STRIP = NO;
				DEBUG_INFORMATION_FORMAT = "dwarf-with-dsym";
				ENABLE_NS_ASSERTIONS = NO;
				ENABLE_STRICT_OBJC_MSGSEND = YES;
				GCC_C_LANGUAGE_STANDARD = gnu99;
				GCC_NO_COMMON_BLOCKS = YES;
				GCC_WARN_64_TO_32_BIT_CONVERSION = YES;
				GCC_WARN_ABOUT_RETURN_TYPE = YES_ERROR;
				GCC_WARN_UNDECLARED_SELECTOR = YES;
				GCC_WARN_UNINITIALIZED_AUTOS = YES_AGGRESSIVE;
				GCC_WARN_UNUSED_FUNCTION = YES;
				GCC_WARN_UNUSED_VARIABLE = YES;
				IPHONEOS_DEPLOYMENT_TARGET = 9.1;
				MTL_ENABLE_DEBUG_INFO = NO;
				SDKROOT = iphoneos;
				VALIDATE_PRODUCT = YES;
			};
			name = Release;
		};
		49E0C6631C918F72004836C9 /* Debug */ = {
			isa = XCBuildConfiguration;
			buildSettings = {
				ASSETCATALOG_COMPILER_APPICON_NAME = AppIcon;
				CLANG_ENABLE_OBJC_ARC = NO;
				INFOPLIST_FILE = IQ/Info.plist;
				LD_RUNPATH_SEARCH_PATHS = "$(inherited) @executable_path/Frameworks";
				PRODUCT_BUNDLE_IDENTIFIER = com.lanou3g.IQ;
				PRODUCT_NAME = "$(TARGET_NAME)";
			};
			name = Debug;
		};
		49E0C6641C918F72004836C9 /* Release */ = {
			isa = XCBuildConfiguration;
			buildSettings = {
				ASSETCATALOG_COMPILER_APPICON_NAME = AppIcon;
				CLANG_ENABLE_OBJC_ARC = NO;
				INFOPLIST_FILE = IQ/Info.plist;
				LD_RUNPATH_SEARCH_PATHS = "$(inherited) @executable_path/Frameworks";
				PRODUCT_BUNDLE_IDENTIFIER = com.lanou3g.IQ;
				PRODUCT_NAME = "$(TARGET_NAME)";
			};
			name = Release;
		};
		49E0C6661C918F72004836C9 /* Debug */ = {
			isa = XCBuildConfiguration;
			buildSettings = {
				BUNDLE_LOADER = "$(TEST_HOST)";
				INFOPLIST_FILE = IQTests/Info.plist;
				LD_RUNPATH_SEARCH_PATHS = "$(inherited) @executable_path/Frameworks @loader_path/Frameworks";
				PRODUCT_BUNDLE_IDENTIFIER = com.lanou3g.IQTests;
				PRODUCT_NAME = "$(TARGET_NAME)";
				TEST_HOST = "$(BUILT_PRODUCTS_DIR)/IQ.app/IQ";
			};
			name = Debug;
		};
		49E0C6671C918F72004836C9 /* Release */ = {
			isa = XCBuildConfiguration;
			buildSettings = {
				BUNDLE_LOADER = "$(TEST_HOST)";
				INFOPLIST_FILE = IQTests/Info.plist;
				LD_RUNPATH_SEARCH_PATHS = "$(inherited) @executable_path/Frameworks @loader_path/Frameworks";
				PRODUCT_BUNDLE_IDENTIFIER = com.lanou3g.IQTests;
				PRODUCT_NAME = "$(TARGET_NAME)";
				TEST_HOST = "$(BUILT_PRODUCTS_DIR)/IQ.app/IQ";
			};
			name = Release;
		};
		49E0C6691C918F72004836C9 /* Debug */ = {
			isa = XCBuildConfiguration;
			buildSettings = {
				INFOPLIST_FILE = IQUITests/Info.plist;
				LD_RUNPATH_SEARCH_PATHS = "$(inherited) @executable_path/Frameworks @loader_path/Frameworks";
				PRODUCT_BUNDLE_IDENTIFIER = com.lanou3g.IQUITests;
				PRODUCT_NAME = "$(TARGET_NAME)";
				TEST_TARGET_NAME = IQ;
				USES_XCTRUNNER = YES;
			};
			name = Debug;
		};
		49E0C66A1C918F72004836C9 /* Release */ = {
			isa = XCBuildConfiguration;
			buildSettings = {
				INFOPLIST_FILE = IQUITests/Info.plist;
				LD_RUNPATH_SEARCH_PATHS = "$(inherited) @executable_path/Frameworks @loader_path/Frameworks";
				PRODUCT_BUNDLE_IDENTIFIER = com.lanou3g.IQUITests;
				PRODUCT_NAME = "$(TARGET_NAME)";
				TEST_TARGET_NAME = IQ;
				USES_XCTRUNNER = YES;
			};
			name = Release;
		};
/* End XCBuildConfiguration section */

/* Begin XCConfigurationList section */
		49E0C6361C918F72004836C9 /* Build configuration list for PBXProject "IQ" */ = {
			isa = XCConfigurationList;
			buildConfigurations = (
				49E0C6601C918F72004836C9 /* Debug */,
				49E0C6611C918F72004836C9 /* Release */,
			);
			defaultConfigurationIsVisible = 0;
			defaultConfigurationName = Release;
		};
		49E0C6621C918F72004836C9 /* Build configuration list for PBXNativeTarget "IQ" */ = {
			isa = XCConfigurationList;
			buildConfigurations = (
				49E0C6631C918F72004836C9 /* Debug */,
				49E0C6641C918F72004836C9 /* Release */,
			);
			defaultConfigurationIsVisible = 0;
			defaultConfigurationName = Release;
		};
		49E0C6651C918F72004836C9 /* Build configuration list for PBXNativeTarget "IQTests" */ = {
			isa = XCConfigurationList;
			buildConfigurations = (
				49E0C6661C918F72004836C9 /* Debug */,
				49E0C6671C918F72004836C9 /* Release */,
			);
			defaultConfigurationIsVisible = 0;
			defaultConfigurationName = Release;
		};
		49E0C6681C918F72004836C9 /* Build configuration list for PBXNativeTarget "IQUITests" */ = {
			isa = XCConfigurationList;
			buildConfigurations = (
				49E0C6691C918F72004836C9 /* Debug */,
				49E0C66A1C918F72004836C9 /* Release */,
			);
			defaultConfigurationIsVisible = 0;
			defaultConfigurationName = Release;
		};
/* End XCConfigurationList section */
	};
	rootObject = 49E0C6331C918F72004836C9 /* Project object */;
}
