// !$*UTF8*$!
{
	archiveVersion = 1;
	classes = {
	};
	objectVersion = 46;
	objects = {

/* Begin PBXBuildFile section */
		4934FA741C47CA27000FF831 /* main.m in Sources */ = {isa = PBXBuildFile; fileRef = 4934FA731C47CA27000FF831 /* main.m */; };
		4934FA771C47CA27000FF831 /* AppDelegate.m in Sources */ = {isa = PBXBuildFile; fileRef = 4934FA761C47CA27000FF831 /* AppDelegate.m */; };
		4934FA7A1C47CA27000FF831 /* ViewController.m in Sources */ = {isa = PBXBuildFile; fileRef = 4934FA791C47CA27000FF831 /* ViewController.m */; };
		4934FA7D1C47CA27000FF831 /* Main.storyboard in Resources */ = {isa = PBXBuildFile; fileRef = 4934FA7B1C47CA27000FF831 /* Main.storyboard */; };
		4934FA7F1C47CA27000FF831 /* Assets.xcassets in Resources */ = {isa = PBXBuildFile; fileRef = 4934FA7E1C47CA27000FF831 /* Assets.xcassets */; };
		4934FA821C47CA27000FF831 /* LaunchScreen.storyboard in Resources */ = {isa = PBXBuildFile; fileRef = 4934FA801C47CA27000FF831 /* LaunchScreen.storyboard */; };
		4934FA8D1C47CA27000FF831 /* __Tests.m in Sources */ = {isa = PBXBuildFile; fileRef = 4934FA8C1C47CA27000FF831 /* __Tests.m */; };
		4934FA981C47CA27000FF831 /* __UITests.m in Sources */ = {isa = PBXBuildFile; fileRef = 4934FA971C47CA27000FF831 /* __UITests.m */; };
		4934FAA71C47CAF3000FF831 /* LoginViewController.m in Sources */ = {isa = PBXBuildFile; fileRef = 4934FAA61C47CAF3000FF831 /* LoginViewController.m */; };
		4934FAAA1C47CB1F000FF831 /* LoginView.m in Sources */ = {isa = PBXBuildFile; fileRef = 4934FAA91C47CB1F000FF831 /* LoginView.m */; };
/* End PBXBuildFile section */

/* Begin PBXContainerItemProxy section */
		4934FA891C47CA27000FF831 /* PBXContainerItemProxy */ = {
			isa = PBXContainerItemProxy;
			containerPortal = 4934FA671C47CA27000FF831 /* Project object */;
			proxyType = 1;
			remoteGlobalIDString = 4934FA6E1C47CA27000FF831;
			remoteInfo = "作业";
		};
		4934FA941C47CA27000FF831 /* PBXContainerItemProxy */ = {
			isa = PBXContainerItemProxy;
			containerPortal = 4934FA671C47CA27000FF831 /* Project object */;
			proxyType = 1;
			remoteGlobalIDString = 4934FA6E1C47CA27000FF831;
			remoteInfo = "作业";
		};
/* End PBXContainerItemProxy section */

/* Begin PBXFileReference section */
		4934FA6F1C47CA27000FF831 /* 作业.app */ = {isa = PBXFileReference; explicitFileType = wrapper.application; includeInIndex = 0; path = "作业.app"; sourceTree = BUILT_PRODUCTS_DIR; };
		4934FA731C47CA27000FF831 /* main.m */ = {isa = PBXFileReference; lastKnownFileType = sourcecode.c.objc; path = main.m; sourceTree = "<group>"; };
		4934FA751C47CA27000FF831 /* AppDelegate.h */ = {isa = PBXFileReference; lastKnownFileType = sourcecode.c.h; path = AppDelegate.h; sourceTree = "<group>"; };
		4934FA761C47CA27000FF831 /* AppDelegate.m */ = {isa = PBXFileReference; lastKnownFileType = sourcecode.c.objc; path = AppDelegate.m; sourceTree = "<group>"; };
		4934FA781C47CA27000FF831 /* ViewController.h */ = {isa = PBXFileReference; lastKnownFileType = sourcecode.c.h; path = ViewController.h; sourceTree = "<group>"; };
		4934FA791C47CA27000FF831 /* ViewController.m */ = {isa = PBXFileReference; lastKnownFileType = sourcecode.c.objc; path = ViewController.m; sourceTree = "<group>"; };
		4934FA7C1C47CA27000FF831 /* Base */ = {isa = PBXFileReference; lastKnownFileType = file.storyboard; name = Base; path = Base.lproj/Main.storyboard; sourceTree = "<group>"; };
		4934FA7E1C47CA27000FF831 /* Assets.xcassets */ = {isa = PBXFileReference; lastKnownFileType = folder.assetcatalog; path = Assets.xcassets; sourceTree = "<group>"; };
		4934FA811C47CA27000FF831 /* Base */ = {isa = PBXFileReference; lastKnownFileType = file.storyboard; name = Base; path = Base.lproj/LaunchScreen.storyboard; sourceTree = "<group>"; };
		4934FA831C47CA27000FF831 /* Info.plist */ = {isa = PBXFileReference; lastKnownFileType = text.plist.xml; path = Info.plist; sourceTree = "<group>"; };
		4934FA881C47CA27000FF831 /* 作业Tests.xctest */ = {isa = PBXFileReference; explicitFileType = wrapper.cfbundle; includeInIndex = 0; path = "作业Tests.xctest"; sourceTree = BUILT_PRODUCTS_DIR; };
		4934FA8C1C47CA27000FF831 /* __Tests.m */ = {isa = PBXFileReference; lastKnownFileType = sourcecode.c.objc; path = __Tests.m; sourceTree = "<group>"; };
		4934FA8E1C47CA27000FF831 /* Info.plist */ = {isa = PBXFileReference; lastKnownFileType = text.plist.xml; path = Info.plist; sourceTree = "<group>"; };
		4934FA931C47CA27000FF831 /* 作业UITests.xctest */ = {isa = PBXFileReference; explicitFileType = wrapper.cfbundle; includeInIndex = 0; path = "作业UITests.xctest"; sourceTree = BUILT_PRODUCTS_DIR; };
		4934FA971C47CA27000FF831 /* __UITests.m */ = {isa = PBXFileReference; lastKnownFileType = sourcecode.c.objc; path = __UITests.m; sourceTree = "<group>"; };
		4934FA991C47CA27000FF831 /* Info.plist */ = {isa = PBXFileReference; lastKnownFileType = text.plist.xml; path = Info.plist; sourceTree = "<group>"; };
		4934FAA51C47CAF3000FF831 /* LoginViewController.h */ = {isa = PBXFileReference; fileEncoding = 4; lastKnownFileType = sourcecode.c.h; path = LoginViewController.h; sourceTree = "<group>"; };
		4934FAA61C47CAF3000FF831 /* LoginViewController.m */ = {isa = PBXFileReference; fileEncoding = 4; lastKnownFileType = sourcecode.c.objc; path = LoginViewController.m; sourceTree = "<group>"; };
		4934FAA81C47CB1F000FF831 /* LoginView.h */ = {isa = PBXFileReference; fileEncoding = 4; lastKnownFileType = sourcecode.c.h; path = LoginView.h; sourceTree = "<group>"; };
		4934FAA91C47CB1F000FF831 /* LoginView.m */ = {isa = PBXFileReference; fileEncoding = 4; lastKnownFileType = sourcecode.c.objc; path = LoginView.m; sourceTree = "<group>"; };
/* End PBXFileReference section */

/* Begin PBXFrameworksBuildPhase section */
		4934FA6C1C47CA27000FF831 /* Frameworks */ = {
			isa = PBXFrameworksBuildPhase;
			buildActionMask = 2147483647;
			files = (
			);
			runOnlyForDeploymentPostprocessing = 0;
		};
		4934FA851C47CA27000FF831 /* Frameworks */ = {
			isa = PBXFrameworksBuildPhase;
			buildActionMask = 2147483647;
			files = (
			);
			runOnlyForDeploymentPostprocessing = 0;
		};
		4934FA901C47CA27000FF831 /* Frameworks */ = {
			isa = PBXFrameworksBuildPhase;
			buildActionMask = 2147483647;
			files = (
			);
			runOnlyForDeploymentPostprocessing = 0;
		};
/* End PBXFrameworksBuildPhase section */

/* Begin PBXGroup section */
		4934FA661C47CA27000FF831 = {
			isa = PBXGroup;
			children = (
				4934FA711C47CA27000FF831 /* 作业 */,
				4934FA8B1C47CA27000FF831 /* 作业Tests */,
				4934FA961C47CA27000FF831 /* 作业UITests */,
				4934FA701C47CA27000FF831 /* Products */,
			);
			sourceTree = "<group>";
		};
		4934FA701C47CA27000FF831 /* Products */ = {
			isa = PBXGroup;
			children = (
				4934FA6F1C47CA27000FF831 /* 作业.app */,
				4934FA881C47CA27000FF831 /* 作业Tests.xctest */,
				4934FA931C47CA27000FF831 /* 作业UITests.xctest */,
			);
			name = Products;
			sourceTree = "<group>";
		};
		4934FA711C47CA27000FF831 /* 作业 */ = {
			isa = PBXGroup;
			children = (
				4934FA751C47CA27000FF831 /* AppDelegate.h */,
				4934FA761C47CA27000FF831 /* AppDelegate.m */,
				4934FA781C47CA27000FF831 /* ViewController.h */,
				4934FA791C47CA27000FF831 /* ViewController.m */,
				4934FAA51C47CAF3000FF831 /* LoginViewController.h */,
				4934FAA61C47CAF3000FF831 /* LoginViewController.m */,
				4934FAA81C47CB1F000FF831 /* LoginView.h */,
				4934FAA91C47CB1F000FF831 /* LoginView.m */,
				4934FA7B1C47CA27000FF831 /* Main.storyboard */,
				4934FA7E1C47CA27000FF831 /* Assets.xcassets */,
				4934FA801C47CA27000FF831 /* LaunchScreen.storyboard */,
				4934FA831C47CA27000FF831 /* Info.plist */,
				4934FA721C47CA27000FF831 /* Supporting Files */,
			);
			path = "作业";
			sourceTree = "<group>";
		};
		4934FA721C47CA27000FF831 /* Supporting Files */ = {
			isa = PBXGroup;
			children = (
				4934FA731C47CA27000FF831 /* main.m */,
			);
			name = "Supporting Files";
			sourceTree = "<group>";
		};
		4934FA8B1C47CA27000FF831 /* 作业Tests */ = {
			isa = PBXGroup;
			children = (
				4934FA8C1C47CA27000FF831 /* __Tests.m */,
				4934FA8E1C47CA27000FF831 /* Info.plist */,
			);
			path = "作业Tests";
			sourceTree = "<group>";
		};
		4934FA961C47CA27000FF831 /* 作业UITests */ = {
			isa = PBXGroup;
			children = (
				4934FA971C47CA27000FF831 /* __UITests.m */,
				4934FA991C47CA27000FF831 /* Info.plist */,
			);
			path = "作业UITests";
			sourceTree = "<group>";
		};
/* End PBXGroup section */

/* Begin PBXNativeTarget section */
		4934FA6E1C47CA27000FF831 /* 作业 */ = {
			isa = PBXNativeTarget;
			buildConfigurationList = 4934FA9C1C47CA27000FF831 /* Build configuration list for PBXNativeTarget "作业" */;
			buildPhases = (
				4934FA6B1C47CA27000FF831 /* Sources */,
				4934FA6C1C47CA27000FF831 /* Frameworks */,
				4934FA6D1C47CA27000FF831 /* Resources */,
			);
			buildRules = (
			);
			dependencies = (
			);
			name = "作业";
			productName = "作业";
			productReference = 4934FA6F1C47CA27000FF831 /* 作业.app */;
			productType = "com.apple.product-type.application";
		};
		4934FA871C47CA27000FF831 /* 作业Tests */ = {
			isa = PBXNativeTarget;
			buildConfigurationList = 4934FA9F1C47CA27000FF831 /* Build configuration list for PBXNativeTarget "作业Tests" */;
			buildPhases = (
				4934FA841C47CA27000FF831 /* Sources */,
				4934FA851C47CA27000FF831 /* Frameworks */,
				4934FA861C47CA27000FF831 /* Resources */,
			);
			buildRules = (
			);
			dependencies = (
				4934FA8A1C47CA27000FF831 /* PBXTargetDependency */,
			);
			name = "作业Tests";
			productName = "作业Tests";
			productReference = 4934FA881C47CA27000FF831 /* 作业Tests.xctest */;
			productType = "com.apple.product-type.bundle.unit-test";
		};
		4934FA921C47CA27000FF831 /* 作业UITests */ = {
			isa = PBXNativeTarget;
			buildConfigurationList = 4934FAA21C47CA27000FF831 /* Build configuration list for PBXNativeTarget "作业UITests" */;
			buildPhases = (
				4934FA8F1C47CA27000FF831 /* Sources */,
				4934FA901C47CA27000FF831 /* Frameworks */,
				4934FA911C47CA27000FF831 /* Resources */,
			);
			buildRules = (
			);
			dependencies = (
				4934FA951C47CA27000FF831 /* PBXTargetDependency */,
			);
			name = "作业UITests";
			productName = "作业UITests";
			productReference = 4934FA931C47CA27000FF831 /* 作业UITests.xctest */;
			productType = "com.apple.product-type.bundle.ui-testing";
		};
/* End PBXNativeTarget section */

/* Begin PBXProject section */
		4934FA671C47CA27000FF831 /* Project object */ = {
			isa = PBXProject;
			attributes = {
				LastUpgradeCheck = 0710;
				ORGANIZATIONNAME = lanou;
				TargetAttributes = {
					4934FA6E1C47CA27000FF831 = {
						CreatedOnToolsVersion = 7.1;
					};
					4934FA871C47CA27000FF831 = {
						CreatedOnToolsVersion = 7.1;
						TestTargetID = 4934FA6E1C47CA27000FF831;
					};
					4934FA921C47CA27000FF831 = {
						CreatedOnToolsVersion = 7.1;
						TestTargetID = 4934FA6E1C47CA27000FF831;
					};
				};
			};
			buildConfigurationList = 4934FA6A1C47CA27000FF831 /* Build configuration list for PBXProject "作业" */;
			compatibilityVersion = "Xcode 3.2";
			developmentRegion = English;
			hasScannedForEncodings = 0;
			knownRegions = (
				en,
				Base,
			);
			mainGroup = 4934FA661C47CA27000FF831;
			productRefGroup = 4934FA701C47CA27000FF831 /* Products */;
			projectDirPath = "";
			projectRoot = "";
			targets = (
				4934FA6E1C47CA27000FF831 /* 作业 */,
				4934FA871C47CA27000FF831 /* 作业Tests */,
				4934FA921C47CA27000FF831 /* 作业UITests */,
			);
		};
/* End PBXProject section */

/* Begin PBXResourcesBuildPhase section */
		4934FA6D1C47CA27000FF831 /* Resources */ = {
			isa = PBXResourcesBuildPhase;
			buildActionMask = 2147483647;
			files = (
				4934FA821C47CA27000FF831 /* LaunchScreen.storyboard in Resources */,
				4934FA7F1C47CA27000FF831 /* Assets.xcassets in Resources */,
				4934FA7D1C47CA27000FF831 /* Main.storyboard in Resources */,
			);
			runOnlyForDeploymentPostprocessing = 0;
		};
		4934FA861C47CA27000FF831 /* Resources */ = {
			isa = PBXResourcesBuildPhase;
			buildActionMask = 2147483647;
			files = (
			);
			runOnlyForDeploymentPostprocessing = 0;
		};
		4934FA911C47CA27000FF831 /* Resources */ = {
			isa = PBXResourcesBuildPhase;
			buildActionMask = 2147483647;
			files = (
			);
			runOnlyForDeploymentPostprocessing = 0;
		};
/* End PBXResourcesBuildPhase section */

/* Begin PBXSourcesBuildPhase section */
		4934FA6B1C47CA27000FF831 /* Sources */ = {
			isa = PBXSourcesBuildPhase;
			buildActionMask = 2147483647;
			files = (
				4934FAA71C47CAF3000FF831 /* LoginViewController.m in Sources */,
				4934FA7A1C47CA27000FF831 /* ViewController.m in Sources */,
				4934FA771C47CA27000FF831 /* AppDelegate.m in Sources */,
				4934FAAA1C47CB1F000FF831 /* LoginView.m in Sources */,
				4934FA741C47CA27000FF831 /* main.m in Sources */,
			);
			runOnlyForDeploymentPostprocessing = 0;
		};
		4934FA841C47CA27000FF831 /* Sources */ = {
			isa = PBXSourcesBuildPhase;
			buildActionMask = 2147483647;
			files = (
				4934FA8D1C47CA27000FF831 /* __Tests.m in Sources */,
			);
			runOnlyForDeploymentPostprocessing = 0;
		};
		4934FA8F1C47CA27000FF831 /* Sources */ = {
			isa = PBXSourcesBuildPhase;
			buildActionMask = 2147483647;
			files = (
				4934FA981C47CA27000FF831 /* __UITests.m in Sources */,
			);
			runOnlyForDeploymentPostprocessing = 0;
		};
/* End PBXSourcesBuildPhase section */

/* Begin PBXTargetDependency section */
		4934FA8A1C47CA27000FF831 /* PBXTargetDependency */ = {
			isa = PBXTargetDependency;
			target = 4934FA6E1C47CA27000FF831 /* 作业 */;
			targetProxy = 4934FA891C47CA27000FF831 /* PBXContainerItemProxy */;
		};
		4934FA951C47CA27000FF831 /* PBXTargetDependency */ = {
			isa = PBXTargetDependency;
			target = 4934FA6E1C47CA27000FF831 /* 作业 */;
			targetProxy = 4934FA941C47CA27000FF831 /* PBXContainerItemProxy */;
		};
/* End PBXTargetDependency section */

/* Begin PBXVariantGroup section */
		4934FA7B1C47CA27000FF831 /* Main.storyboard */ = {
			isa = PBXVariantGroup;
			children = (
				4934FA7C1C47CA27000FF831 /* Base */,
			);
			name = Main.storyboard;
			sourceTree = "<group>";
		};
		4934FA801C47CA27000FF831 /* LaunchScreen.storyboard */ = {
			isa = PBXVariantGroup;
			children = (
				4934FA811C47CA27000FF831 /* Base */,
			);
			name = LaunchScreen.storyboard;
			sourceTree = "<group>";
		};
/* End PBXVariantGroup section */

/* Begin XCBuildConfiguration section */
		4934FA9A1C47CA27000FF831 /* Debug */ = {
			isa = XCBuildConfiguration;
			buildSettings = {
				ALWAYS_SEARCH_USER_PATHS = NO;
				CLANG_CXX_LANGUAGE_STANDARD = "gnu++0x";
				CLANG_CXX_LIBRARY = "libc++";
				CLANG_ENABLE_MODULES = YES;
				CLANG_ENABLE_OBJC_ARC = YES;
				CLANG_WARN_BOOL_CONVERSION = YES;
				CLANG_WARN_CONSTANT_CONVERSION = YES;
				CLANG_WARN_DIRECT_OBJC_ISA_USAGE = YES_ERROR;
				CLANG_WARN_EMPTY_BODY = YES;
				CLANG_WARN_ENUM_CONVERSION = YES;
				CLANG_WARN_INT_CONVERSION = YES;
				CLANG_WARN_OBJC_ROOT_CLASS = YES_ERROR;
				CLANG_WARN_UNREACHABLE_CODE = YES;
				CLANG_WARN__DUPLICATE_METHOD_MATCH = YES;
				"CODE_SIGN_IDENTITY[sdk=iphoneos*]" = "iPhone Developer";
				COPY_PHASE_STRIP = NO;
				DEBUG_INFORMATION_FORMAT = dwarf;
				ENABLE_STRICT_OBJC_MSGSEND = YES;
				ENABLE_TESTABILITY = YES;
				GCC_C_LANGUAGE_STANDARD = gnu99;
				GCC_DYNAMIC_NO_PIC = NO;
				GCC_NO_COMMON_BLOCKS = YES;
				GCC_OPTIMIZATION_LEVEL = 0;
				GCC_PREPROCESSOR_DEFINITIONS = (
					"DEBUG=1",
					"$(inherited)",
				);
				GCC_WARN_64_TO_32_BIT_CONVERSION = YES;
				GCC_WARN_ABOUT_RETURN_TYPE = YES_ERROR;
				GCC_WARN_UNDECLARED_SELECTOR = YES;
				GCC_WARN_UNINITIALIZED_AUTOS = YES_AGGRESSIVE;
				GCC_WARN_UNUSED_FUNCTION = YES;
				GCC_WARN_UNUSED_VARIABLE = YES;
				IPHONEOS_DEPLOYMENT_TARGET = 9.1;
				MTL_ENABLE_DEBUG_INFO = YES;
				ONLY_ACTIVE_ARCH = YES;
				SDKROOT = iphoneos;
			};
			name = Debug;
		};
		4934FA9B1C47CA27000FF831 /* Release */ = {
			isa = XCBuildConfiguration;
			buildSettings = {
				ALWAYS_SEARCH_USER_PATHS = NO;
				CLANG_CXX_LANGUAGE_STANDARD = "gnu++0x";
				CLANG_CXX_LIBRARY = "libc++";
				CLANG_ENABLE_MODULES = YES;
				CLANG_ENABLE_OBJC_ARC = YES;
				CLANG_WARN_BOOL_CONVERSION = YES;
				CLANG_WARN_CONSTANT_CONVERSION = YES;
				CLANG_WARN_DIRECT_OBJC_ISA_USAGE = YES_ERROR;
				CLANG_WARN_EMPTY_BODY = YES;
				CLANG_WARN_ENUM_CONVERSION = YES;
				CLANG_WARN_INT_CONVERSION = YES;
				CLANG_WARN_OBJC_ROOT_CLASS = YES_ERROR;
				CLANG_WARN_UNREACHABLE_CODE = YES;
				CLANG_WARN__DUPLICATE_METHOD_MATCH = YES;
				"CODE_SIGN_IDENTITY[sdk=iphoneos*]" = "iPhone Developer";
				COPY_PHASE_STRIP = NO;
				DEBUG_INFORMATION_FORMAT = "dwarf-with-dsym";
				ENABLE_NS_ASSERTIONS = NO;
				ENABLE_STRICT_OBJC_MSGSEND = YES;
				GCC_C_LANGUAGE_STANDARD = gnu99;
				GCC_NO_COMMON_BLOCKS = YES;
				GCC_WARN_64_TO_32_BIT_CONVERSION = YES;
				GCC_WARN_ABOUT_RETURN_TYPE = YES_ERROR;
				GCC_WARN_UNDECLARED_SELECTOR = YES;
				GCC_WARN_UNINITIALIZED_AUTOS = YES_AGGRESSIVE;
				GCC_WARN_UNUSED_FUNCTION = YES;
				GCC_WARN_UNUSED_VARIABLE = YES;
				IPHONEOS_DEPLOYMENT_TARGET = 9.1;
				MTL_ENABLE_DEBUG_INFO = NO;
				SDKROOT = iphoneos;
				VALIDATE_PRODUCT = YES;
			};
			name = Release;
		};
		4934FA9D1C47CA27000FF831 /* Debug */ = {
			isa = XCBuildConfiguration;
			buildSettings = {
				ASSETCATALOG_COMPILER_APPICON_NAME = AppIcon;
				CLANG_ENABLE_OBJC_ARC = NO;
				INFOPLIST_FILE = "作业/Info.plist";
				LD_RUNPATH_SEARCH_PATHS = "$(inherited) @executable_path/Frameworks";
				PRODUCT_BUNDLE_IDENTIFIER = "com.lanou3g.--";
				PRODUCT_NAME = "$(TARGET_NAME)";
			};
			name = Debug;
		};
		4934FA9E1C47CA27000FF831 /* Release */ = {
			isa = XCBuildConfiguration;
			buildSettings = {
				ASSETCATALOG_COMPILER_APPICON_NAME = AppIcon;
				CLANG_ENABLE_OBJC_ARC = NO;
				INFOPLIST_FILE = "作业/Info.plist";
				LD_RUNPATH_SEARCH_PATHS = "$(inherited) @executable_path/Frameworks";
				PRODUCT_BUNDLE_IDENTIFIER = "com.lanou3g.--";
				PRODUCT_NAME = "$(TARGET_NAME)";
			};
			name = Release;
		};
		4934FAA01C47CA27000FF831 /* Debug */ = {
			isa = XCBuildConfiguration;
			buildSettings = {
				BUNDLE_LOADER = "$(TEST_HOST)";
				INFOPLIST_FILE = "作业Tests/Info.plist";
				LD_RUNPATH_SEARCH_PATHS = "$(inherited) @executable_path/Frameworks @loader_path/Frameworks";
				PRODUCT_BUNDLE_IDENTIFIER = "com.lanou3g.--Tests";
				PRODUCT_NAME = "$(TARGET_NAME)";
				TEST_HOST = "$(BUILT_PRODUCTS_DIR)/作业.app/作业";
			};
			name = Debug;
		};
		4934FAA11C47CA27000FF831 /* Release */ = {
			isa = XCBuildConfiguration;
			buildSettings = {
				BUNDLE_LOADER = "$(TEST_HOST)";
				INFOPLIST_FILE = "作业Tests/Info.plist";
				LD_RUNPATH_SEARCH_PATHS = "$(inherited) @executable_path/Frameworks @loader_path/Frameworks";
				PRODUCT_BUNDLE_IDENTIFIER = "com.lanou3g.--Tests";
				PRODUCT_NAME = "$(TARGET_NAME)";
				TEST_HOST = "$(BUILT_PRODUCTS_DIR)/作业.app/作业";
			};
			name = Release;
		};
		4934FAA31C47CA27000FF831 /* Debug */ = {
			isa = XCBuildConfiguration;
			buildSettings = {
				INFOPLIST_FILE = "作业UITests/Info.plist";
				LD_RUNPATH_SEARCH_PATHS = "$(inherited) @executable_path/Frameworks @loader_path/Frameworks";
				PRODUCT_BUNDLE_IDENTIFIER = "com.lanou3g.--UITests";
				PRODUCT_NAME = "$(TARGET_NAME)";
				TEST_TARGET_NAME = "作业";
				USES_XCTRUNNER = YES;
			};
			name = Debug;
		};
		4934FAA41C47CA27000FF831 /* Release */ = {
			isa = XCBuildConfiguration;
			buildSettings = {
				INFOPLIST_FILE = "作业UITests/Info.plist";
				LD_RUNPATH_SEARCH_PATHS = "$(inherited) @executable_path/Frameworks @loader_path/Frameworks";
				PRODUCT_BUNDLE_IDENTIFIER = "com.lanou3g.--UITests";
				PRODUCT_NAME = "$(TARGET_NAME)";
				TEST_TARGET_NAME = "作业";
				USES_XCTRUNNER = YES;
			};
			name = Release;
		};
/* End XCBuildConfiguration section */

/* Begin XCConfigurationList section */
		4934FA6A1C47CA27000FF831 /* Build configuration list for PBXProject "作业" */ = {
			isa = XCConfigurationList;
			buildConfigurations = (
				4934FA9A1C47CA27000FF831 /* Debug */,
				4934FA9B1C47CA27000FF831 /* Release */,
			);
			defaultConfigurationIsVisible = 0;
			defaultConfigurationName = Release;
		};
		4934FA9C1C47CA27000FF831 /* Build configuration list for PBXNativeTarget "作业" */ = {
			isa = XCConfigurationList;
			buildConfigurations = (
				4934FA9D1C47CA27000FF831 /* Debug */,
				4934FA9E1C47CA27000FF831 /* Release */,
			);
			defaultConfigurationIsVisible = 0;
		};
		4934FA9F1C47CA27000FF831 /* Build configuration list for PBXNativeTarget "作业Tests" */ = {
			isa = XCConfigurationList;
			buildConfigurations = (
				4934FAA01C47CA27000FF831 /* Debug */,
				4934FAA11C47CA27000FF831 /* Release */,
			);
			defaultConfigurationIsVisible = 0;
		};
		4934FAA21C47CA27000FF831 /* Build configuration list for PBXNativeTarget "作业UITests" */ = {
			isa = XCConfigurationList;
			buildConfigurations = (
				4934FAA31C47CA27000FF831 /* Debug */,
				4934FAA41C47CA27000FF831 /* Release */,
			);
			defaultConfigurationIsVisible = 0;
		};
/* End XCConfigurationList section */
	};
	rootObject = 4934FA671C47CA27000FF831 /* Project object */;
}
