// !$*UTF8*$!
{
	archiveVersion = 1;
	classes = {
	};
	objectVersion = 46;
	objects = {

/* Begin PBXBuildFile section */
		4934F9681C4743A5000FF831 /* main.m in Sources */ = {isa = PBXBuildFile; fileRef = 4934F9671C4743A5000FF831 /* main.m */; };
		4934F96B1C4743A5000FF831 /* AppDelegate.m in Sources */ = {isa = PBXBuildFile; fileRef = 4934F96A1C4743A5000FF831 /* AppDelegate.m */; };
		4934F96E1C4743A5000FF831 /* ViewController.m in Sources */ = {isa = PBXBuildFile; fileRef = 4934F96D1C4743A5000FF831 /* ViewController.m */; };
		4934F9711C4743A5000FF831 /* Main.storyboard in Resources */ = {isa = PBXBuildFile; fileRef = 4934F96F1C4743A5000FF831 /* Main.storyboard */; };
		4934F9731C4743A5000FF831 /* Assets.xcassets in Resources */ = {isa = PBXBuildFile; fileRef = 4934F9721C4743A5000FF831 /* Assets.xcassets */; };
		4934F9761C4743A5000FF831 /* LaunchScreen.storyboard in Resources */ = {isa = PBXBuildFile; fileRef = 4934F9741C4743A5000FF831 /* LaunchScreen.storyboard */; };
		4934F9811C4743A5000FF831 /* UI3_______Tests.m in Sources */ = {isa = PBXBuildFile; fileRef = 4934F9801C4743A5000FF831 /* UI3_______Tests.m */; };
		4934F98C1C4743A5000FF831 /* UI3_______UITests.m in Sources */ = {isa = PBXBuildFile; fileRef = 4934F98B1C4743A5000FF831 /* UI3_______UITests.m */; };
		4934F99B1C4744C4000FF831 /* FirstViewController.m in Sources */ = {isa = PBXBuildFile; fileRef = 4934F99A1C4744C4000FF831 /* FirstViewController.m */; };
		4934F99E1C475209000FF831 /* SecondViewController.m in Sources */ = {isa = PBXBuildFile; fileRef = 4934F99D1C475209000FF831 /* SecondViewController.m */; };
/* End PBXBuildFile section */

/* Begin PBXContainerItemProxy section */
		4934F97D1C4743A5000FF831 /* PBXContainerItemProxy */ = {
			isa = PBXContainerItemProxy;
			containerPortal = 4934F95B1C4743A5000FF831 /* Project object */;
			proxyType = 1;
			remoteGlobalIDString = 4934F9621C4743A5000FF831;
			remoteInfo = "UI3--视图控制器";
		};
		4934F9881C4743A5000FF831 /* PBXContainerItemProxy */ = {
			isa = PBXContainerItemProxy;
			containerPortal = 4934F95B1C4743A5000FF831 /* Project object */;
			proxyType = 1;
			remoteGlobalIDString = 4934F9621C4743A5000FF831;
			remoteInfo = "UI3--视图控制器";
		};
/* End PBXContainerItemProxy section */

/* Begin PBXFileReference section */
		4934F9631C4743A5000FF831 /* UI3--视图控制器.app */ = {isa = PBXFileReference; explicitFileType = wrapper.application; includeInIndex = 0; path = "UI3--视图控制器.app"; sourceTree = BUILT_PRODUCTS_DIR; };
		4934F9671C4743A5000FF831 /* main.m */ = {isa = PBXFileReference; lastKnownFileType = sourcecode.c.objc; path = main.m; sourceTree = "<group>"; };
		4934F9691C4743A5000FF831 /* AppDelegate.h */ = {isa = PBXFileReference; lastKnownFileType = sourcecode.c.h; path = AppDelegate.h; sourceTree = "<group>"; };
		4934F96A1C4743A5000FF831 /* AppDelegate.m */ = {isa = PBXFileReference; lastKnownFileType = sourcecode.c.objc; path = AppDelegate.m; sourceTree = "<group>"; };
		4934F96C1C4743A5000FF831 /* ViewController.h */ = {isa = PBXFileReference; lastKnownFileType = sourcecode.c.h; path = ViewController.h; sourceTree = "<group>"; };
		4934F96D1C4743A5000FF831 /* ViewController.m */ = {isa = PBXFileReference; lastKnownFileType = sourcecode.c.objc; path = ViewController.m; sourceTree = "<group>"; };
		4934F9701C4743A5000FF831 /* Base */ = {isa = PBXFileReference; lastKnownFileType = file.storyboard; name = Base; path = Base.lproj/Main.storyboard; sourceTree = "<group>"; };
		4934F9721C4743A5000FF831 /* Assets.xcassets */ = {isa = PBXFileReference; lastKnownFileType = folder.assetcatalog; path = Assets.xcassets; sourceTree = "<group>"; };
		4934F9751C4743A5000FF831 /* Base */ = {isa = PBXFileReference; lastKnownFileType = file.storyboard; name = Base; path = Base.lproj/LaunchScreen.storyboard; sourceTree = "<group>"; };
		4934F9771C4743A5000FF831 /* Info.plist */ = {isa = PBXFileReference; lastKnownFileType = text.plist.xml; path = Info.plist; sourceTree = "<group>"; };
		4934F97C1C4743A5000FF831 /* UI3--视图控制器Tests.xctest */ = {isa = PBXFileReference; explicitFileType = wrapper.cfbundle; includeInIndex = 0; path = "UI3--视图控制器Tests.xctest"; sourceTree = BUILT_PRODUCTS_DIR; };
		4934F9801C4743A5000FF831 /* UI3_______Tests.m */ = {isa = PBXFileReference; lastKnownFileType = sourcecode.c.objc; path = "UI3_______Tests.m"; sourceTree = "<group>"; };
		4934F9821C4743A5000FF831 /* Info.plist */ = {isa = PBXFileReference; lastKnownFileType = text.plist.xml; path = Info.plist; sourceTree = "<group>"; };
		4934F9871C4743A5000FF831 /* UI3--视图控制器UITests.xctest */ = {isa = PBXFileReference; explicitFileType = wrapper.cfbundle; includeInIndex = 0; path = "UI3--视图控制器UITests.xctest"; sourceTree = BUILT_PRODUCTS_DIR; };
		4934F98B1C4743A5000FF831 /* UI3_______UITests.m */ = {isa = PBXFileReference; lastKnownFileType = sourcecode.c.objc; path = "UI3_______UITests.m"; sourceTree = "<group>"; };
		4934F98D1C4743A5000FF831 /* Info.plist */ = {isa = PBXFileReference; lastKnownFileType = text.plist.xml; path = Info.plist; sourceTree = "<group>"; };
		4934F9991C4744C4000FF831 /* FirstViewController.h */ = {isa = PBXFileReference; fileEncoding = 4; lastKnownFileType = sourcecode.c.h; path = FirstViewController.h; sourceTree = "<group>"; };
		4934F99A1C4744C4000FF831 /* FirstViewController.m */ = {isa = PBXFileReference; fileEncoding = 4; lastKnownFileType = sourcecode.c.objc; path = FirstViewController.m; sourceTree = "<group>"; };
		4934F99C1C475209000FF831 /* SecondViewController.h */ = {isa = PBXFileReference; fileEncoding = 4; lastKnownFileType = sourcecode.c.h; path = SecondViewController.h; sourceTree = "<group>"; };
		4934F99D1C475209000FF831 /* SecondViewController.m */ = {isa = PBXFileReference; fileEncoding = 4; lastKnownFileType = sourcecode.c.objc; path = SecondViewController.m; sourceTree = "<group>"; };
/* End PBXFileReference section */

/* Begin PBXFrameworksBuildPhase section */
		4934F9601C4743A5000FF831 /* Frameworks */ = {
			isa = PBXFrameworksBuildPhase;
			buildActionMask = 2147483647;
			files = (
			);
			runOnlyForDeploymentPostprocessing = 0;
		};
		4934F9791C4743A5000FF831 /* Frameworks */ = {
			isa = PBXFrameworksBuildPhase;
			buildActionMask = 2147483647;
			files = (
			);
			runOnlyForDeploymentPostprocessing = 0;
		};
		4934F9841C4743A5000FF831 /* Frameworks */ = {
			isa = PBXFrameworksBuildPhase;
			buildActionMask = 2147483647;
			files = (
			);
			runOnlyForDeploymentPostprocessing = 0;
		};
/* End PBXFrameworksBuildPhase section */

/* Begin PBXGroup section */
		4934F95A1C4743A5000FF831 = {
			isa = PBXGroup;
			children = (
				4934F9651C4743A5000FF831 /* UI3--视图控制器 */,
				4934F97F1C4743A5000FF831 /* UI3--视图控制器Tests */,
				4934F98A1C4743A5000FF831 /* UI3--视图控制器UITests */,
				4934F9641C4743A5000FF831 /* Products */,
			);
			sourceTree = "<group>";
		};
		4934F9641C4743A5000FF831 /* Products */ = {
			isa = PBXGroup;
			children = (
				4934F9631C4743A5000FF831 /* UI3--视图控制器.app */,
				4934F97C1C4743A5000FF831 /* UI3--视图控制器Tests.xctest */,
				4934F9871C4743A5000FF831 /* UI3--视图控制器UITests.xctest */,
			);
			name = Products;
			sourceTree = "<group>";
		};
		4934F9651C4743A5000FF831 /* UI3--视图控制器 */ = {
			isa = PBXGroup;
			children = (
				4934F9691C4743A5000FF831 /* AppDelegate.h */,
				4934F96A1C4743A5000FF831 /* AppDelegate.m */,
				4934F96C1C4743A5000FF831 /* ViewController.h */,
				4934F96D1C4743A5000FF831 /* ViewController.m */,
				4934F99C1C475209000FF831 /* SecondViewController.h */,
				4934F99D1C475209000FF831 /* SecondViewController.m */,
				4934F9991C4744C4000FF831 /* FirstViewController.h */,
				4934F99A1C4744C4000FF831 /* FirstViewController.m */,
				4934F96F1C4743A5000FF831 /* Main.storyboard */,
				4934F9721C4743A5000FF831 /* Assets.xcassets */,
				4934F9741C4743A5000FF831 /* LaunchScreen.storyboard */,
				4934F9771C4743A5000FF831 /* Info.plist */,
				4934F9661C4743A5000FF831 /* Supporting Files */,
			);
			path = "UI3--视图控制器";
			sourceTree = "<group>";
		};
		4934F9661C4743A5000FF831 /* Supporting Files */ = {
			isa = PBXGroup;
			children = (
				4934F9671C4743A5000FF831 /* main.m */,
			);
			name = "Supporting Files";
			sourceTree = "<group>";
		};
		4934F97F1C4743A5000FF831 /* UI3--视图控制器Tests */ = {
			isa = PBXGroup;
			children = (
				4934F9801C4743A5000FF831 /* UI3_______Tests.m */,
				4934F9821C4743A5000FF831 /* Info.plist */,
			);
			path = "UI3--视图控制器Tests";
			sourceTree = "<group>";
		};
		4934F98A1C4743A5000FF831 /* UI3--视图控制器UITests */ = {
			isa = PBXGroup;
			children = (
				4934F98B1C4743A5000FF831 /* UI3_______UITests.m */,
				4934F98D1C4743A5000FF831 /* Info.plist */,
			);
			path = "UI3--视图控制器UITests";
			sourceTree = "<group>";
		};
/* End PBXGroup section */

/* Begin PBXNativeTarget section */
		4934F9621C4743A5000FF831 /* UI3--视图控制器 */ = {
			isa = PBXNativeTarget;
			buildConfigurationList = 4934F9901C4743A5000FF831 /* Build configuration list for PBXNativeTarget "UI3--视图控制器" */;
			buildPhases = (
				4934F95F1C4743A5000FF831 /* Sources */,
				4934F9601C4743A5000FF831 /* Frameworks */,
				4934F9611C4743A5000FF831 /* Resources */,
			);
			buildRules = (
			);
			dependencies = (
			);
			name = "UI3--视图控制器";
			productName = "UI3--视图控制器";
			productReference = 4934F9631C4743A5000FF831 /* UI3--视图控制器.app */;
			productType = "com.apple.product-type.application";
		};
		4934F97B1C4743A5000FF831 /* UI3--视图控制器Tests */ = {
			isa = PBXNativeTarget;
			buildConfigurationList = 4934F9931C4743A5000FF831 /* Build configuration list for PBXNativeTarget "UI3--视图控制器Tests" */;
			buildPhases = (
				4934F9781C4743A5000FF831 /* Sources */,
				4934F9791C4743A5000FF831 /* Frameworks */,
				4934F97A1C4743A5000FF831 /* Resources */,
			);
			buildRules = (
			);
			dependencies = (
				4934F97E1C4743A5000FF831 /* PBXTargetDependency */,
			);
			name = "UI3--视图控制器Tests";
			productName = "UI3--视图控制器Tests";
			productReference = 4934F97C1C4743A5000FF831 /* UI3--视图控制器Tests.xctest */;
			productType = "com.apple.product-type.bundle.unit-test";
		};
		4934F9861C4743A5000FF831 /* UI3--视图控制器UITests */ = {
			isa = PBXNativeTarget;
			buildConfigurationList = 4934F9961C4743A5000FF831 /* Build configuration list for PBXNativeTarget "UI3--视图控制器UITests" */;
			buildPhases = (
				4934F9831C4743A5000FF831 /* Sources */,
				4934F9841C4743A5000FF831 /* Frameworks */,
				4934F9851C4743A5000FF831 /* Resources */,
			);
			buildRules = (
			);
			dependencies = (
				4934F9891C4743A5000FF831 /* PBXTargetDependency */,
			);
			name = "UI3--视图控制器UITests";
			productName = "UI3--视图控制器UITests";
			productReference = 4934F9871C4743A5000FF831 /* UI3--视图控制器UITests.xctest */;
			productType = "com.apple.product-type.bundle.ui-testing";
		};
/* End PBXNativeTarget section */

/* Begin PBXProject section */
		4934F95B1C4743A5000FF831 /* Project object */ = {
			isa = PBXProject;
			attributes = {
				LastUpgradeCheck = 0710;
				ORGANIZATIONNAME = lanou;
				TargetAttributes = {
					4934F9621C4743A5000FF831 = {
						CreatedOnToolsVersion = 7.1;
					};
					4934F97B1C4743A5000FF831 = {
						CreatedOnToolsVersion = 7.1;
						TestTargetID = 4934F9621C4743A5000FF831;
					};
					4934F9861C4743A5000FF831 = {
						CreatedOnToolsVersion = 7.1;
						TestTargetID = 4934F9621C4743A5000FF831;
					};
				};
			};
			buildConfigurationList = 4934F95E1C4743A5000FF831 /* Build configuration list for PBXProject "UI3--视图控制器" */;
			compatibilityVersion = "Xcode 3.2";
			developmentRegion = English;
			hasScannedForEncodings = 0;
			knownRegions = (
				en,
				Base,
			);
			mainGroup = 4934F95A1C4743A5000FF831;
			productRefGroup = 4934F9641C4743A5000FF831 /* Products */;
			projectDirPath = "";
			projectRoot = "";
			targets = (
				4934F9621C4743A5000FF831 /* UI3--视图控制器 */,
				4934F97B1C4743A5000FF831 /* UI3--视图控制器Tests */,
				4934F9861C4743A5000FF831 /* UI3--视图控制器UITests */,
			);
		};
/* End PBXProject section */

/* Begin PBXResourcesBuildPhase section */
		4934F9611C4743A5000FF831 /* Resources */ = {
			isa = PBXResourcesBuildPhase;
			buildActionMask = 2147483647;
			files = (
				4934F9761C4743A5000FF831 /* LaunchScreen.storyboard in Resources */,
				4934F9731C4743A5000FF831 /* Assets.xcassets in Resources */,
				4934F9711C4743A5000FF831 /* Main.storyboard in Resources */,
			);
			runOnlyForDeploymentPostprocessing = 0;
		};
		4934F97A1C4743A5000FF831 /* Resources */ = {
			isa = PBXResourcesBuildPhase;
			buildActionMask = 2147483647;
			files = (
			);
			runOnlyForDeploymentPostprocessing = 0;
		};
		4934F9851C4743A5000FF831 /* Resources */ = {
			isa = PBXResourcesBuildPhase;
			buildActionMask = 2147483647;
			files = (
			);
			runOnlyForDeploymentPostprocessing = 0;
		};
/* End PBXResourcesBuildPhase section */

/* Begin PBXSourcesBuildPhase section */
		4934F95F1C4743A5000FF831 /* Sources */ = {
			isa = PBXSourcesBuildPhase;
			buildActionMask = 2147483647;
			files = (
				4934F99E1C475209000FF831 /* SecondViewController.m in Sources */,
				4934F96E1C4743A5000FF831 /* ViewController.m in Sources */,
				4934F96B1C4743A5000FF831 /* AppDelegate.m in Sources */,
				4934F9681C4743A5000FF831 /* main.m in Sources */,
				4934F99B1C4744C4000FF831 /* FirstViewController.m in Sources */,
			);
			runOnlyForDeploymentPostprocessing = 0;
		};
		4934F9781C4743A5000FF831 /* Sources */ = {
			isa = PBXSourcesBuildPhase;
			buildActionMask = 2147483647;
			files = (
				4934F9811C4743A5000FF831 /* UI3_______Tests.m in Sources */,
			);
			runOnlyForDeploymentPostprocessing = 0;
		};
		4934F9831C4743A5000FF831 /* Sources */ = {
			isa = PBXSourcesBuildPhase;
			buildActionMask = 2147483647;
			files = (
				4934F98C1C4743A5000FF831 /* UI3_______UITests.m in Sources */,
			);
			runOnlyForDeploymentPostprocessing = 0;
		};
/* End PBXSourcesBuildPhase section */

/* Begin PBXTargetDependency section */
		4934F97E1C4743A5000FF831 /* PBXTargetDependency */ = {
			isa = PBXTargetDependency;
			target = 4934F9621C4743A5000FF831 /* UI3--视图控制器 */;
			targetProxy = 4934F97D1C4743A5000FF831 /* PBXContainerItemProxy */;
		};
		4934F9891C4743A5000FF831 /* PBXTargetDependency */ = {
			isa = PBXTargetDependency;
			target = 4934F9621C4743A5000FF831 /* UI3--视图控制器 */;
			targetProxy = 4934F9881C4743A5000FF831 /* PBXContainerItemProxy */;
		};
/* End PBXTargetDependency section */

/* Begin PBXVariantGroup section */
		4934F96F1C4743A5000FF831 /* Main.storyboard */ = {
			isa = PBXVariantGroup;
			children = (
				4934F9701C4743A5000FF831 /* Base */,
			);
			name = Main.storyboard;
			sourceTree = "<group>";
		};
		4934F9741C4743A5000FF831 /* LaunchScreen.storyboard */ = {
			isa = PBXVariantGroup;
			children = (
				4934F9751C4743A5000FF831 /* Base */,
			);
			name = LaunchScreen.storyboard;
			sourceTree = "<group>";
		};
/* End PBXVariantGroup section */

/* Begin XCBuildConfiguration section */
		4934F98E1C4743A5000FF831 /* Debug */ = {
			isa = XCBuildConfiguration;
			buildSettings = {
				ALWAYS_SEARCH_USER_PATHS = NO;
				CLANG_CXX_LANGUAGE_STANDARD = "gnu++0x";
				CLANG_CXX_LIBRARY = "libc++";
				CLANG_ENABLE_MODULES = YES;
				CLANG_ENABLE_OBJC_ARC = YES;
				CLANG_WARN_BOOL_CONVERSION = YES;
				CLANG_WARN_CONSTANT_CONVERSION = YES;
				CLANG_WARN_DIRECT_OBJC_ISA_USAGE = YES_ERROR;
				CLANG_WARN_EMPTY_BODY = YES;
				CLANG_WARN_ENUM_CONVERSION = YES;
				CLANG_WARN_INT_CONVERSION = YES;
				CLANG_WARN_OBJC_ROOT_CLASS = YES_ERROR;
				CLANG_WARN_UNREACHABLE_CODE = YES;
				CLANG_WARN__DUPLICATE_METHOD_MATCH = YES;
				"CODE_SIGN_IDENTITY[sdk=iphoneos*]" = "iPhone Developer";
				COPY_PHASE_STRIP = NO;
				DEBUG_INFORMATION_FORMAT = dwarf;
				ENABLE_STRICT_OBJC_MSGSEND = YES;
				ENABLE_TESTABILITY = YES;
				GCC_C_LANGUAGE_STANDARD = gnu99;
				GCC_DYNAMIC_NO_PIC = NO;
				GCC_NO_COMMON_BLOCKS = YES;
				GCC_OPTIMIZATION_LEVEL = 0;
				GCC_PREPROCESSOR_DEFINITIONS = (
					"DEBUG=1",
					"$(inherited)",
				);
				GCC_WARN_64_TO_32_BIT_CONVERSION = YES;
				GCC_WARN_ABOUT_RETURN_TYPE = YES_ERROR;
				GCC_WARN_UNDECLARED_SELECTOR = YES;
				GCC_WARN_UNINITIALIZED_AUTOS = YES_AGGRESSIVE;
				GCC_WARN_UNUSED_FUNCTION = YES;
				GCC_WARN_UNUSED_VARIABLE = YES;
				IPHONEOS_DEPLOYMENT_TARGET = 9.1;
				MTL_ENABLE_DEBUG_INFO = YES;
				ONLY_ACTIVE_ARCH = YES;
				SDKROOT = iphoneos;
			};
			name = Debug;
		};
		4934F98F1C4743A5000FF831 /* Release */ = {
			isa = XCBuildConfiguration;
			buildSettings = {
				ALWAYS_SEARCH_USER_PATHS = NO;
				CLANG_CXX_LANGUAGE_STANDARD = "gnu++0x";
				CLANG_CXX_LIBRARY = "libc++";
				CLANG_ENABLE_MODULES = YES;
				CLANG_ENABLE_OBJC_ARC = YES;
				CLANG_WARN_BOOL_CONVERSION = YES;
				CLANG_WARN_CONSTANT_CONVERSION = YES;
				CLANG_WARN_DIRECT_OBJC_ISA_USAGE = YES_ERROR;
				CLANG_WARN_EMPTY_BODY = YES;
				CLANG_WARN_ENUM_CONVERSION = YES;
				CLANG_WARN_INT_CONVERSION = YES;
				CLANG_WARN_OBJC_ROOT_CLASS = YES_ERROR;
				CLANG_WARN_UNREACHABLE_CODE = YES;
				CLANG_WARN__DUPLICATE_METHOD_MATCH = YES;
				"CODE_SIGN_IDENTITY[sdk=iphoneos*]" = "iPhone Developer";
				COPY_PHASE_STRIP = NO;
				DEBUG_INFORMATION_FORMAT = "dwarf-with-dsym";
				ENABLE_NS_ASSERTIONS = NO;
				ENABLE_STRICT_OBJC_MSGSEND = YES;
				GCC_C_LANGUAGE_STANDARD = gnu99;
				GCC_NO_COMMON_BLOCKS = YES;
				GCC_WARN_64_TO_32_BIT_CONVERSION = YES;
				GCC_WARN_ABOUT_RETURN_TYPE = YES_ERROR;
				GCC_WARN_UNDECLARED_SELECTOR = YES;
				GCC_WARN_UNINITIALIZED_AUTOS = YES_AGGRESSIVE;
				GCC_WARN_UNUSED_FUNCTION = YES;
				GCC_WARN_UNUSED_VARIABLE = YES;
				IPHONEOS_DEPLOYMENT_TARGET = 9.1;
				MTL_ENABLE_DEBUG_INFO = NO;
				SDKROOT = iphoneos;
				VALIDATE_PRODUCT = YES;
			};
			name = Release;
		};
		4934F9911C4743A5000FF831 /* Debug */ = {
			isa = XCBuildConfiguration;
			buildSettings = {
				ASSETCATALOG_COMPILER_APPICON_NAME = AppIcon;
				CLANG_ENABLE_OBJC_ARC = NO;
				INFOPLIST_FILE = "UI3--视图控制器/Info.plist";
				LD_RUNPATH_SEARCH_PATHS = "$(inherited) @executable_path/Frameworks";
				PRODUCT_BUNDLE_IDENTIFIER = "com.lanou3g.UI3-------";
				PRODUCT_NAME = "$(TARGET_NAME)";
			};
			name = Debug;
		};
		4934F9921C4743A5000FF831 /* Release */ = {
			isa = XCBuildConfiguration;
			buildSettings = {
				ASSETCATALOG_COMPILER_APPICON_NAME = AppIcon;
				CLANG_ENABLE_OBJC_ARC = NO;
				INFOPLIST_FILE = "UI3--视图控制器/Info.plist";
				LD_RUNPATH_SEARCH_PATHS = "$(inherited) @executable_path/Frameworks";
				PRODUCT_BUNDLE_IDENTIFIER = "com.lanou3g.UI3-------";
				PRODUCT_NAME = "$(TARGET_NAME)";
			};
			name = Release;
		};
		4934F9941C4743A5000FF831 /* Debug */ = {
			isa = XCBuildConfiguration;
			buildSettings = {
				BUNDLE_LOADER = "$(TEST_HOST)";
				INFOPLIST_FILE = "UI3--视图控制器Tests/Info.plist";
				LD_RUNPATH_SEARCH_PATHS = "$(inherited) @executable_path/Frameworks @loader_path/Frameworks";
				PRODUCT_BUNDLE_IDENTIFIER = "com.lanou3g.UI3-------Tests";
				PRODUCT_NAME = "$(TARGET_NAME)";
				TEST_HOST = "$(BUILT_PRODUCTS_DIR)/UI3--视图控制器.app/UI3--视图控制器";
			};
			name = Debug;
		};
		4934F9951C4743A5000FF831 /* Release */ = {
			isa = XCBuildConfiguration;
			buildSettings = {
				BUNDLE_LOADER = "$(TEST_HOST)";
				INFOPLIST_FILE = "UI3--视图控制器Tests/Info.plist";
				LD_RUNPATH_SEARCH_PATHS = "$(inherited) @executable_path/Frameworks @loader_path/Frameworks";
				PRODUCT_BUNDLE_IDENTIFIER = "com.lanou3g.UI3-------Tests";
				PRODUCT_NAME = "$(TARGET_NAME)";
				TEST_HOST = "$(BUILT_PRODUCTS_DIR)/UI3--视图控制器.app/UI3--视图控制器";
			};
			name = Release;
		};
		4934F9971C4743A5000FF831 /* Debug */ = {
			isa = XCBuildConfiguration;
			buildSettings = {
				INFOPLIST_FILE = "UI3--视图控制器UITests/Info.plist";
				LD_RUNPATH_SEARCH_PATHS = "$(inherited) @executable_path/Frameworks @loader_path/Frameworks";
				PRODUCT_BUNDLE_IDENTIFIER = "com.lanou3g.UI3-------UITests";
				PRODUCT_NAME = "$(TARGET_NAME)";
				TEST_TARGET_NAME = "UI3--视图控制器";
				USES_XCTRUNNER = YES;
			};
			name = Debug;
		};
		4934F9981C4743A5000FF831 /* Release */ = {
			isa = XCBuildConfiguration;
			buildSettings = {
				INFOPLIST_FILE = "UI3--视图控制器UITests/Info.plist";
				LD_RUNPATH_SEARCH_PATHS = "$(inherited) @executable_path/Frameworks @loader_path/Frameworks";
				PRODUCT_BUNDLE_IDENTIFIER = "com.lanou3g.UI3-------UITests";
				PRODUCT_NAME = "$(TARGET_NAME)";
				TEST_TARGET_NAME = "UI3--视图控制器";
				USES_XCTRUNNER = YES;
			};
			name = Release;
		};
/* End XCBuildConfiguration section */

/* Begin XCConfigurationList section */
		4934F95E1C4743A5000FF831 /* Build configuration list for PBXProject "UI3--视图控制器" */ = {
			isa = XCConfigurationList;
			buildConfigurations = (
				4934F98E1C4743A5000FF831 /* Debug */,
				4934F98F1C4743A5000FF831 /* Release */,
			);
			defaultConfigurationIsVisible = 0;
			defaultConfigurationName = Release;
		};
		4934F9901C4743A5000FF831 /* Build configuration list for PBXNativeTarget "UI3--视图控制器" */ = {
			isa = XCConfigurationList;
			buildConfigurations = (
				4934F9911C4743A5000FF831 /* Debug */,
				4934F9921C4743A5000FF831 /* Release */,
			);
			defaultConfigurationIsVisible = 0;
		};
		4934F9931C4743A5000FF831 /* Build configuration list for PBXNativeTarget "UI3--视图控制器Tests" */ = {
			isa = XCConfigurationList;
			buildConfigurations = (
				4934F9941C4743A5000FF831 /* Debug */,
				4934F9951C4743A5000FF831 /* Release */,
			);
			defaultConfigurationIsVisible = 0;
		};
		4934F9961C4743A5000FF831 /* Build configuration list for PBXNativeTarget "UI3--视图控制器UITests" */ = {
			isa = XCConfigurationList;
			buildConfigurations = (
				4934F9971C4743A5000FF831 /* Debug */,
				4934F9981C4743A5000FF831 /* Release */,
			);
			defaultConfigurationIsVisible = 0;
		};
/* End XCConfigurationList section */
	};
	rootObject = 4934F95B1C4743A5000FF831 /* Project object */;
}
